
Microsoft Visual Studio Solution File, Format Version 12.00
# Visual Studio Version 16
VisualStudioVersion = 16.0.28917.181
MinimumVisualStudioVersion = 10.0.40219.1
Project("{FAE04EC0-301F-11D3-BF4B-00C04F79EFBC}") = "Code_Academy_HR_System", "Code_Academy_HR_System\Code_Academy_HR_System.csproj", "{73348174-D71F-4B79-9B89-98C1C7717E29}"
EndProject
Global
	GlobalSection(SolutionConfigurationPlatforms) = preSolution
		Debug|Any CPU = Debug|Any CPU
		Release|Any CPU = Release|Any CPU
	EndGlobalSection
	GlobalSection(ProjectConfigurationPlatforms) = postSolution
		{73348174-D71F-4B79-9B89-98C1C7717E29}.Debug|Any CPU.ActiveCfg = Debug|Any CPU
		{73348174-D71F-4B79-9B89-98C1C7717E29}.Debug|Any CPU.Build.0 = Debug|Any CPU
		{73348174-D71F-4B79-9B89-98C1C7717E29}.Release|Any CPU.ActiveCfg = Release|Any CPU
		{73348174-D71F-4B79-9B89-98C1C7717E29}.Release|Any CPU.Build.0 = Release|Any CPU
	EndGlobalSection
	GlobalSection(SolutionProperties) = preSolution
		HideSolutionNode = FALSE
	EndGlobalSection
	GlobalSection(ExtensibilityGlobals) = postSolution
		SolutionGuid = {896CB4B5-1C3A-413E-B168-AA6B09B305C0}
	EndGlobalSection
EndGlobal
